// !$*UTF8*$!
{
	archiveVersion = 1;
	classes = {
	};
	objectVersion = 56;
	objects = {

/* Begin PBXBuildFile section */
		C9357A472BF7B750002F2FAC /* FirebaseAnalytics in Frameworks */ = {isa = PBXBuildFile; productRef = C9357A462BF7B750002F2FAC /* FirebaseAnalytics */; };
		C9357A492BF7B750002F2FAC /* FirebaseMessaging in Frameworks */ = {isa = PBXBuildFile; productRef = C9357A482BF7B750002F2FAC /* FirebaseMessaging */; };
		C9357A4A2BF7BAE2002F2FAC /* RootView.swift in Sources */ = {isa = PBXBuildFile; fileRef = C9E7C18F2BF74E7C00F8085F /* RootView.swift */; };
		C9357A4B2BF7BAE2002F2FAC /* RootViewModel.swift in Sources */ = {isa = PBXBuildFile; fileRef = C9357A432BF7B494002F2FAC /* RootViewModel.swift */; };
		C9357A4D2BF7BB3C002F2FAC /* RootView.swift in Sources */ = {isa = PBXBuildFile; fileRef = C9357A4C2BF7BB3C002F2FAC /* RootView.swift */; };
		C9357A502BF8010B002F2FAC /* GoogleService-Info.plist in Resources */ = {isa = PBXBuildFile; fileRef = C9357A4F2BF8010B002F2FAC /* GoogleService-Info.plist */; };
		C9357A512BF80116002F2FAC /* GoogleService-Info.plist in Resources */ = {isa = PBXBuildFile; fileRef = C9357A4F2BF8010B002F2FAC /* GoogleService-Info.plist */; };
		C9357A532BF80138002F2FAC /* AppDelegate.swift in Sources */ = {isa = PBXBuildFile; fileRef = C9357A522BF80138002F2FAC /* AppDelegate.swift */; };
		C9357A7B2BF81FAE002F2FAC /* RootViewModel.swift in Sources */ = {isa = PBXBuildFile; fileRef = C9357A7A2BF81FAE002F2FAC /* RootViewModel.swift */; };
		C9C0F5F52BF75F71004F24AE /* Presentation in Frameworks */ = {isa = PBXBuildFile; productRef = C9C0F5F42BF75F71004F24AE /* Presentation */; };
		C9C0F5F72BF75F77004F24AE /* Presentation in Frameworks */ = {isa = PBXBuildFile; productRef = C9C0F5F62BF75F77004F24AE /* Presentation */; };
		C9C0F5FA2BF7761D004F24AE /* Preview Content in Resources */ = {isa = PBXBuildFile; fileRef = C9C0F5F92BF7761D004F24AE /* Preview Content */; };
		C9C0F5FC2BF77628004F24AE /* Preview Content in Resources */ = {isa = PBXBuildFile; fileRef = C9C0F5FB2BF77628004F24AE /* Preview Content */; };
		C9C984032BF77CF600F3B7AB /* Data in Frameworks */ = {isa = PBXBuildFile; productRef = C9C984022BF77CF600F3B7AB /* Data */; };
		C9C984052BF77CFA00F3B7AB /* Data in Frameworks */ = {isa = PBXBuildFile; productRef = C9C984042BF77CFA00F3B7AB /* Data */; };
		C9E7C17C2BF74E7B00F8085F /* SOSPingApp.swift in Sources */ = {isa = PBXBuildFile; fileRef = C9E7C17B2BF74E7B00F8085F /* SOSPingApp.swift */; };
		C9E7C1892BF74E7C00F8085F /* SOSPing Watch App.app in Embed Watch Content */ = {isa = PBXBuildFile; fileRef = C9E7C1882BF74E7C00F8085F /* SOSPing Watch App.app */; settings = {ATTRIBUTES = (RemoveHeadersOnCopy, ); }; };
		C9E7C18E2BF74E7C00F8085F /* SOSPingApp.swift in Sources */ = {isa = PBXBuildFile; fileRef = C9E7C18D2BF74E7C00F8085F /* SOSPingApp.swift */; };
/* End PBXBuildFile section */

/* Begin PBXContainerItemProxy section */
		C9E7C18A2BF74E7C00F8085F /* PBXContainerItemProxy */ = {
			isa = PBXContainerItemProxy;
			containerPortal = C9E7C1702BF74E7B00F8085F /* Project object */;
			proxyType = 1;
			remoteGlobalIDString = C9E7C1872BF74E7C00F8085F;
			remoteInfo = "SOSPing Watch App";
		};
/* End PBXContainerItemProxy section */

/* Begin PBXCopyFilesBuildPhase section */
		C9E7C19B2BF74E7D00F8085F /* Embed Watch Content */ = {
			isa = PBXCopyFilesBuildPhase;
			buildActionMask = 2147483647;
			dstPath = "$(CONTENTS_FOLDER_PATH)/Watch";
			dstSubfolderSpec = 16;
			files = (
				C9E7C1892BF74E7C00F8085F /* SOSPing Watch App.app in Embed Watch Content */,
			);
			name = "Embed Watch Content";
			runOnlyForDeploymentPostprocessing = 0;
		};
/* End PBXCopyFilesBuildPhase section */

/* Begin PBXFileReference section */
		C9357A432BF7B494002F2FAC /* RootViewModel.swift */ = {isa = PBXFileReference; lastKnownFileType = sourcecode.swift; path = RootViewModel.swift; sourceTree = "<group>"; };
		C9357A4C2BF7BB3C002F2FAC /* RootView.swift */ = {isa = PBXFileReference; lastKnownFileType = sourcecode.swift; path = RootView.swift; sourceTree = "<group>"; };
		C9357A4E2BF7BFC1002F2FAC /* Info.plist */ = {isa = PBXFileReference; lastKnownFileType = text.plist; path = Info.plist; sourceTree = "<group>"; };
		C9357A4F2BF8010B002F2FAC /* GoogleService-Info.plist */ = {isa = PBXFileReference; fileEncoding = 4; lastKnownFileType = text.plist.xml; path = "GoogleService-Info.plist"; sourceTree = "<group>"; };
		C9357A522BF80138002F2FAC /* AppDelegate.swift */ = {isa = PBXFileReference; lastKnownFileType = sourcecode.swift; path = AppDelegate.swift; sourceTree = "<group>"; };
		C9357A542BF80AE7002F2FAC /* SOSPing Watch App.entitlements */ = {isa = PBXFileReference; lastKnownFileType = text.plist.entitlements; path = "SOSPing Watch App.entitlements"; sourceTree = "<group>"; };
		C9357A552BF80AF0002F2FAC /* SOSPing.entitlements */ = {isa = PBXFileReference; lastKnownFileType = text.plist.entitlements; path = SOSPing.entitlements; sourceTree = "<group>"; };
		C9357A562BF80BF3002F2FAC /* SOSPing-Watch-App-Info.plist */ = {isa = PBXFileReference; lastKnownFileType = text.plist; path = "SOSPing-Watch-App-Info.plist"; sourceTree = SOURCE_ROOT; };
		C9357A722BF81D2D002F2FAC /* SOSPingExtensionExtension.swift */ = {isa = PBXFileReference; lastKnownFileType = sourcecode.swift; path = SOSPingExtensionExtension.swift; sourceTree = "<group>"; };
		C9357A742BF81D2D002F2FAC /* SOSPingExtension.swift */ = {isa = PBXFileReference; lastKnownFileType = sourcecode.swift; path = SOSPingExtension.swift; sourceTree = "<group>"; };
		C9357A762BF81D2D002F2FAC /* Info.plist */ = {isa = PBXFileReference; lastKnownFileType = text.plist.xml; path = Info.plist; sourceTree = "<group>"; };
		C9357A7A2BF81FAE002F2FAC /* RootViewModel.swift */ = {isa = PBXFileReference; lastKnownFileType = sourcecode.swift; path = RootViewModel.swift; sourceTree = "<group>"; };
		C9C0F5EF2BF75C51004F24AE /* SharedDesignSystem */ = {isa = PBXFileReference; lastKnownFileType = wrapper; path = SharedDesignSystem; sourceTree = "<group>"; };
		C9C0F5F02BF75CE9004F24AE /* Domain */ = {isa = PBXFileReference; lastKnownFileType = wrapper; path = Domain; sourceTree = "<group>"; };
		C9C0F5F12BF75D79004F24AE /* Data */ = {isa = PBXFileReference; lastKnownFileType = wrapper; path = Data; sourceTree = "<group>"; };
		C9C0F5F22BF75DC1004F24AE /* Presentation */ = {isa = PBXFileReference; lastKnownFileType = wrapper; path = Presentation; sourceTree = "<group>"; };
		C9C0F5F82BF7605E004F24AE /* Shared */ = {isa = PBXFileReference; lastKnownFileType = wrapper; path = Shared; sourceTree = "<group>"; };
		C9C0F5F92BF7761D004F24AE /* Preview Content */ = {isa = PBXFileReference; lastKnownFileType = folder; path = "Preview Content"; sourceTree = "<group>"; };
		C9C0F5FB2BF77628004F24AE /* Preview Content */ = {isa = PBXFileReference; lastKnownFileType = folder; path = "Preview Content"; sourceTree = "<group>"; };
		C9E7C1782BF74E7B00F8085F /* SOSPing.app */ = {isa = PBXFileReference; explicitFileType = wrapper.application; includeInIndex = 0; path = SOSPing.app; sourceTree = BUILT_PRODUCTS_DIR; };
		C9E7C17B2BF74E7B00F8085F /* SOSPingApp.swift */ = {isa = PBXFileReference; lastKnownFileType = sourcecode.swift; path = SOSPingApp.swift; sourceTree = "<group>"; };
		C9E7C1882BF74E7C00F8085F /* SOSPing Watch App.app */ = {isa = PBXFileReference; explicitFileType = wrapper.application; includeInIndex = 0; path = "SOSPing Watch App.app"; sourceTree = BUILT_PRODUCTS_DIR; };
		C9E7C18D2BF74E7C00F8085F /* SOSPingApp.swift */ = {isa = PBXFileReference; lastKnownFileType = sourcecode.swift; path = SOSPingApp.swift; sourceTree = "<group>"; };
		C9E7C18F2BF74E7C00F8085F /* RootView.swift */ = {isa = PBXFileReference; lastKnownFileType = sourcecode.swift; path = RootView.swift; sourceTree = "<group>"; };
/* End PBXFileReference section */

/* Begin PBXFrameworksBuildPhase section */
		C9E7C1752BF74E7B00F8085F /* Frameworks */ = {
			isa = PBXFrameworksBuildPhase;
			buildActionMask = 2147483647;
			files = (
				C9357A492BF7B750002F2FAC /* FirebaseMessaging in Frameworks */,
				C9C984032BF77CF600F3B7AB /* Data in Frameworks */,
				C9C0F5F52BF75F71004F24AE /* Presentation in Frameworks */,
				C9357A472BF7B750002F2FAC /* FirebaseAnalytics in Frameworks */,
			);
			runOnlyForDeploymentPostprocessing = 0;
		};
		C9E7C1852BF74E7C00F8085F /* Frameworks */ = {
			isa = PBXFrameworksBuildPhase;
			buildActionMask = 2147483647;
			files = (
				C9C984052BF77CFA00F3B7AB /* Data in Frameworks */,
				C9C0F5F72BF75F77004F24AE /* Presentation in Frameworks */,
			);
			runOnlyForDeploymentPostprocessing = 0;
		};
/* End PBXFrameworksBuildPhase section */

/* Begin PBXGroup section */
		C9357A712BF81D2D002F2FAC /* SOSPingExtension */ = {
			isa = PBXGroup;
			children = (
				C9357A722BF81D2D002F2FAC /* SOSPingExtensionExtension.swift */,
				C9357A742BF81D2D002F2FAC /* SOSPingExtension.swift */,
				C9357A762BF81D2D002F2FAC /* Info.plist */,
			);
			path = SOSPingExtension;
			sourceTree = "<group>";
		};
		C9C0F5F32BF75F71004F24AE /* Frameworks */ = {
			isa = PBXGroup;
			children = (
			);
			name = Frameworks;
			sourceTree = "<group>";
		};
		C9E7C16F2BF74E7B00F8085F = {
			isa = PBXGroup;
			children = (
				C9C0F5F82BF7605E004F24AE /* Shared */,
				C9C0F5F22BF75DC1004F24AE /* Presentation */,
				C9C0F5F12BF75D79004F24AE /* Data */,
				C9C0F5F02BF75CE9004F24AE /* Domain */,
				C9C0F5EF2BF75C51004F24AE /* SharedDesignSystem */,
				C9E7C17A2BF74E7B00F8085F /* SOSPing */,
				C9E7C18C2BF74E7C00F8085F /* SOSPing Watch App */,
				C9357A712BF81D2D002F2FAC /* SOSPingExtension */,
				C9E7C1792BF74E7B00F8085F /* Products */,
				C9C0F5F32BF75F71004F24AE /* Frameworks */,
			);
			sourceTree = "<group>";
		};
		C9E7C1792BF74E7B00F8085F /* Products */ = {
			isa = PBXGroup;
			children = (
				C9E7C1782BF74E7B00F8085F /* SOSPing.app */,
				C9E7C1882BF74E7C00F8085F /* SOSPing Watch App.app */,
			);
			name = Products;
			sourceTree = "<group>";
		};
		C9E7C17A2BF74E7B00F8085F /* SOSPing */ = {
			isa = PBXGroup;
			children = (
				C9357A552BF80AF0002F2FAC /* SOSPing.entitlements */,
				C9357A4E2BF7BFC1002F2FAC /* Info.plist */,
				C9357A4F2BF8010B002F2FAC /* GoogleService-Info.plist */,
				C9C0F5F92BF7761D004F24AE /* Preview Content */,
				C9E7C17B2BF74E7B00F8085F /* SOSPingApp.swift */,
				C9E7C18F2BF74E7C00F8085F /* RootView.swift */,
				C9357A432BF7B494002F2FAC /* RootViewModel.swift */,
				C9357A522BF80138002F2FAC /* AppDelegate.swift */,
			);
			path = SOSPing;
			sourceTree = "<group>";
		};
		C9E7C18C2BF74E7C00F8085F /* SOSPing Watch App */ = {
			isa = PBXGroup;
			children = (
				C9357A562BF80BF3002F2FAC /* SOSPing-Watch-App-Info.plist */,
				C9357A542BF80AE7002F2FAC /* SOSPing Watch App.entitlements */,
				C9C0F5FB2BF77628004F24AE /* Preview Content */,
				C9E7C18D2BF74E7C00F8085F /* SOSPingApp.swift */,
				C9357A4C2BF7BB3C002F2FAC /* RootView.swift */,
				C9357A7A2BF81FAE002F2FAC /* RootViewModel.swift */,
			);
			path = "SOSPing Watch App";
			sourceTree = "<group>";
		};
/* End PBXGroup section */

/* Begin PBXNativeTarget section */
		C9E7C1772BF74E7B00F8085F /* SOSPing */ = {
			isa = PBXNativeTarget;
			buildConfigurationList = C9E7C19C2BF74E7D00F8085F /* Build configuration list for PBXNativeTarget "SOSPing" */;
			buildPhases = (
				C9E7C1742BF74E7B00F8085F /* Sources */,
				C9E7C1752BF74E7B00F8085F /* Frameworks */,
				C9E7C1762BF74E7B00F8085F /* Resources */,
				C9E7C19B2BF74E7D00F8085F /* Embed Watch Content */,
			);
			buildRules = (
			);
			dependencies = (
				C9E7C18B2BF74E7C00F8085F /* PBXTargetDependency */,
			);
			name = SOSPing;
			packageProductDependencies = (
				C9C0F5F42BF75F71004F24AE /* Presentation */,
				C9C984022BF77CF600F3B7AB /* Data */,
				C9357A462BF7B750002F2FAC /* FirebaseAnalytics */,
				C9357A482BF7B750002F2FAC /* FirebaseMessaging */,
			);
			productName = SOSPing;
			productReference = C9E7C1782BF74E7B00F8085F /* SOSPing.app */;
			productType = "com.apple.product-type.application";
		};
		C9E7C1872BF74E7C00F8085F /* SOSPing Watch App */ = {
			isa = PBXNativeTarget;
			buildConfigurationList = C9E7C1982BF74E7D00F8085F /* Build configuration list for PBXNativeTarget "SOSPing Watch App" */;
			buildPhases = (
				C9E7C1842BF74E7C00F8085F /* Sources */,
				C9E7C1852BF74E7C00F8085F /* Frameworks */,
				C9E7C1862BF74E7C00F8085F /* Resources */,
			);
			buildRules = (
			);
			dependencies = (
			);
			name = "SOSPing Watch App";
			packageProductDependencies = (
				C9C0F5F62BF75F77004F24AE /* Presentation */,
				C9C984042BF77CFA00F3B7AB /* Data */,
			);
			productName = "SOSPing Watch App";
			productReference = C9E7C1882BF74E7C00F8085F /* SOSPing Watch App.app */;
			productType = "com.apple.product-type.application";
		};
/* End PBXNativeTarget section */

/* Begin PBXProject section */
		C9E7C1702BF74E7B00F8085F /* Project object */ = {
			isa = PBXProject;
			attributes = {
				BuildIndependentTargetsInParallel = 1;
				LastSwiftUpdateCheck = 1520;
				LastUpgradeCheck = 1520;
				TargetAttributes = {
					C9E7C1772BF74E7B00F8085F = {
						CreatedOnToolsVersion = 15.2;
					};
					C9E7C1872BF74E7C00F8085F = {
						CreatedOnToolsVersion = 15.2;
					};
				};
			};
			buildConfigurationList = C9E7C1732BF74E7B00F8085F /* Build configuration list for PBXProject "SOSPing" */;
			compatibilityVersion = "Xcode 14.0";
			developmentRegion = en;
			hasScannedForEncodings = 0;
			knownRegions = (
				en,
				Base,
			);
			mainGroup = C9E7C16F2BF74E7B00F8085F;
			packageReferences = (
				C9357A452BF7B750002F2FAC /* XCRemoteSwiftPackageReference "firebase-ios-sdk" */,
			);
			productRefGroup = C9E7C1792BF74E7B00F8085F /* Products */;
			projectDirPath = "";
			projectRoot = "";
			targets = (
				C9E7C1772BF74E7B00F8085F /* SOSPing */,
				C9E7C1872BF74E7C00F8085F /* SOSPing Watch App */,
			);
		};
/* End PBXProject section */

/* Begin PBXResourcesBuildPhase section */
		C9E7C1762BF74E7B00F8085F /* Resources */ = {
			isa = PBXResourcesBuildPhase;
			buildActionMask = 2147483647;
			files = (
				C9C0F5FA2BF7761D004F24AE /* Preview Content in Resources */,
				C9357A502BF8010B002F2FAC /* GoogleService-Info.plist in Resources */,
			);
			runOnlyForDeploymentPostprocessing = 0;
		};
		C9E7C1862BF74E7C00F8085F /* Resources */ = {
			isa = PBXResourcesBuildPhase;
			buildActionMask = 2147483647;
			files = (
				C9C0F5FC2BF77628004F24AE /* Preview Content in Resources */,
				C9357A512BF80116002F2FAC /* GoogleService-Info.plist in Resources */,
			);
			runOnlyForDeploymentPostprocessing = 0;
		};
/* End PBXResourcesBuildPhase section */

/* Begin PBXSourcesBuildPhase section */
		C9E7C1742BF74E7B00F8085F /* Sources */ = {
			isa = PBXSourcesBuildPhase;
			buildActionMask = 2147483647;
			files = (
				C9357A532BF80138002F2FAC /* AppDelegate.swift in Sources */,
				C9E7C17C2BF74E7B00F8085F /* SOSPingApp.swift in Sources */,
				C9357A4B2BF7BAE2002F2FAC /* RootViewModel.swift in Sources */,
				C9357A4A2BF7BAE2002F2FAC /* RootView.swift in Sources */,
			);
			runOnlyForDeploymentPostprocessing = 0;
		};
		C9E7C1842BF74E7C00F8085F /* Sources */ = {
			isa = PBXSourcesBuildPhase;
			buildActionMask = 2147483647;
			files = (
				C9357A4D2BF7BB3C002F2FAC /* RootView.swift in Sources */,
				C9357A7B2BF81FAE002F2FAC /* RootViewModel.swift in Sources */,
				C9E7C18E2BF74E7C00F8085F /* SOSPingApp.swift in Sources */,
			);
			runOnlyForDeploymentPostprocessing = 0;
		};
/* End PBXSourcesBuildPhase section */

/* Begin PBXTargetDependency section */
		C9E7C18B2BF74E7C00F8085F /* PBXTargetDependency */ = {
			isa = PBXTargetDependency;
			target = C9E7C1872BF74E7C00F8085F /* SOSPing Watch App */;
			targetProxy = C9E7C18A2BF74E7C00F8085F /* PBXContainerItemProxy */;
		};
/* End PBXTargetDependency section */

/* Begin XCBuildConfiguration section */
		C9E7C1962BF74E7D00F8085F /* Debug */ = {
			isa = XCBuildConfiguration;
			buildSettings = {
				ALWAYS_SEARCH_USER_PATHS = NO;
				ASSETCATALOG_COMPILER_GENERATE_SWIFT_ASSET_SYMBOL_EXTENSIONS = YES;
				CLANG_ANALYZER_NONNULL = YES;
				CLANG_ANALYZER_NUMBER_OBJECT_CONVERSION = YES_AGGRESSIVE;
				CLANG_CXX_LANGUAGE_STANDARD = "gnu++20";
				CLANG_ENABLE_MODULES = YES;
				CLANG_ENABLE_OBJC_ARC = YES;
				CLANG_ENABLE_OBJC_WEAK = YES;
				CLANG_WARN_BLOCK_CAPTURE_AUTORELEASING = YES;
				CLANG_WARN_BOOL_CONVERSION = YES;
				CLANG_WARN_COMMA = YES;
				CLANG_WARN_CONSTANT_CONVERSION = YES;
				CLANG_WARN_DEPRECATED_OBJC_IMPLEMENTATIONS = YES;
				CLANG_WARN_DIRECT_OBJC_ISA_USAGE = YES_ERROR;
				CLANG_WARN_DOCUMENTATION_COMMENTS = YES;
				CLANG_WARN_EMPTY_BODY = YES;
				CLANG_WARN_ENUM_CONVERSION = YES;
				CLANG_WARN_INFINITE_RECURSION = YES;
				CLANG_WARN_INT_CONVERSION = YES;
				CLANG_WARN_NON_LITERAL_NULL_CONVERSION = YES;
				CLANG_WARN_OBJC_IMPLICIT_RETAIN_SELF = YES;
				CLANG_WARN_OBJC_LITERAL_CONVERSION = YES;
				CLANG_WARN_OBJC_ROOT_CLASS = YES_ERROR;
				CLANG_WARN_QUOTED_INCLUDE_IN_FRAMEWORK_HEADER = YES;
				CLANG_WARN_RANGE_LOOP_ANALYSIS = YES;
				CLANG_WARN_STRICT_PROTOTYPES = YES;
				CLANG_WARN_SUSPICIOUS_MOVE = YES;
				CLANG_WARN_UNGUARDED_AVAILABILITY = YES_AGGRESSIVE;
				CLANG_WARN_UNREACHABLE_CODE = YES;
				CLANG_WARN__DUPLICATE_METHOD_MATCH = YES;
				COPY_PHASE_STRIP = NO;
				DEBUG_INFORMATION_FORMAT = dwarf;
				ENABLE_STRICT_OBJC_MSGSEND = YES;
				ENABLE_TESTABILITY = YES;
				ENABLE_USER_SCRIPT_SANDBOXING = YES;
				GCC_C_LANGUAGE_STANDARD = gnu17;
				GCC_DYNAMIC_NO_PIC = NO;
				GCC_NO_COMMON_BLOCKS = YES;
				GCC_OPTIMIZATION_LEVEL = 0;
				GCC_PREPROCESSOR_DEFINITIONS = (
					"DEBUG=1",
					"$(inherited)",
				);
				GCC_WARN_64_TO_32_BIT_CONVERSION = YES;
				GCC_WARN_ABOUT_RETURN_TYPE = YES_ERROR;
				GCC_WARN_UNDECLARED_SELECTOR = YES;
				GCC_WARN_UNINITIALIZED_AUTOS = YES_AGGRESSIVE;
				GCC_WARN_UNUSED_FUNCTION = YES;
				GCC_WARN_UNUSED_VARIABLE = YES;
				LOCALIZATION_PREFERS_STRING_CATALOGS = YES;
				MTL_ENABLE_DEBUG_INFO = INCLUDE_SOURCE;
				MTL_FAST_MATH = YES;
				ONLY_ACTIVE_ARCH = YES;
				SDKROOT = iphoneos;
				SUPPORTED_PLATFORMS = "iphonesimulator iphoneos";
				SWIFT_ACTIVE_COMPILATION_CONDITIONS = "DEBUG $(inherited)";
				SWIFT_OPTIMIZATION_LEVEL = "-Onone";
			};
			name = Debug;
		};
		C9E7C1972BF74E7D00F8085F /* Release */ = {
			isa = XCBuildConfiguration;
			buildSettings = {
				ALWAYS_SEARCH_USER_PATHS = NO;
				ASSETCATALOG_COMPILER_GENERATE_SWIFT_ASSET_SYMBOL_EXTENSIONS = YES;
				CLANG_ANALYZER_NONNULL = YES;
				CLANG_ANALYZER_NUMBER_OBJECT_CONVERSION = YES_AGGRESSIVE;
				CLANG_CXX_LANGUAGE_STANDARD = "gnu++20";
				CLANG_ENABLE_MODULES = YES;
				CLANG_ENABLE_OBJC_ARC = YES;
				CLANG_ENABLE_OBJC_WEAK = YES;
				CLANG_WARN_BLOCK_CAPTURE_AUTORELEASING = YES;
				CLANG_WARN_BOOL_CONVERSION = YES;
				CLANG_WARN_COMMA = YES;
				CLANG_WARN_CONSTANT_CONVERSION = YES;
				CLANG_WARN_DEPRECATED_OBJC_IMPLEMENTATIONS = YES;
				CLANG_WARN_DIRECT_OBJC_ISA_USAGE = YES_ERROR;
				CLANG_WARN_DOCUMENTATION_COMMENTS = YES;
				CLANG_WARN_EMPTY_BODY = YES;
				CLANG_WARN_ENUM_CONVERSION = YES;
				CLANG_WARN_INFINITE_RECURSION = YES;
				CLANG_WARN_INT_CONVERSION = YES;
				CLANG_WARN_NON_LITERAL_NULL_CONVERSION = YES;
				CLANG_WARN_OBJC_IMPLICIT_RETAIN_SELF = YES;
				CLANG_WARN_OBJC_LITERAL_CONVERSION = YES;
				CLANG_WARN_OBJC_ROOT_CLASS = YES_ERROR;
				CLANG_WARN_QUOTED_INCLUDE_IN_FRAMEWORK_HEADER = YES;
				CLANG_WARN_RANGE_LOOP_ANALYSIS = YES;
				CLANG_WARN_STRICT_PROTOTYPES = YES;
				CLANG_WARN_SUSPICIOUS_MOVE = YES;
				CLANG_WARN_UNGUARDED_AVAILABILITY = YES_AGGRESSIVE;
				CLANG_WARN_UNREACHABLE_CODE = YES;
				CLANG_WARN__DUPLICATE_METHOD_MATCH = YES;
				COPY_PHASE_STRIP = NO;
				DEBUG_INFORMATION_FORMAT = "dwarf-with-dsym";
				ENABLE_NS_ASSERTIONS = NO;
				ENABLE_STRICT_OBJC_MSGSEND = YES;
				ENABLE_USER_SCRIPT_SANDBOXING = YES;
				GCC_C_LANGUAGE_STANDARD = gnu17;
				GCC_NO_COMMON_BLOCKS = YES;
				GCC_WARN_64_TO_32_BIT_CONVERSION = YES;
				GCC_WARN_ABOUT_RETURN_TYPE = YES_ERROR;
				GCC_WARN_UNDECLARED_SELECTOR = YES;
				GCC_WARN_UNINITIALIZED_AUTOS = YES_AGGRESSIVE;
				GCC_WARN_UNUSED_FUNCTION = YES;
				GCC_WARN_UNUSED_VARIABLE = YES;
				LOCALIZATION_PREFERS_STRING_CATALOGS = YES;
				MTL_ENABLE_DEBUG_INFO = NO;
				MTL_FAST_MATH = YES;
				SDKROOT = iphoneos;
				SUPPORTED_PLATFORMS = "iphonesimulator iphoneos";
				SWIFT_COMPILATION_MODE = wholemodule;
			};
			name = Release;
		};
		C9E7C1992BF74E7D00F8085F /* Debug */ = {
			isa = XCBuildConfiguration;
			buildSettings = {
				ASSETCATALOG_COMPILER_APPICON_NAME = AppIcon;
				ASSETCATALOG_COMPILER_GLOBAL_ACCENT_COLOR_NAME = AccentColor;
				CODE_SIGN_ENTITLEMENTS = "SOSPing Watch App/SOSPing Watch App.entitlements";
				CODE_SIGN_STYLE = Automatic;
				CURRENT_PROJECT_VERSION = 1;
				DEVELOPMENT_ASSET_PATHS = "\"SOSPing Watch App/Preview Content\"";
				DEVELOPMENT_TEAM = FNC65X95VM;
				ENABLE_PREVIEWS = YES;
				GENERATE_INFOPLIST_FILE = YES;
				INFOPLIST_FILE = "SOSPing-Watch-App-Info.plist";
				INFOPLIST_KEY_CFBundleDisplayName = SOSPing;
				INFOPLIST_KEY_UISupportedInterfaceOrientations = "UIInterfaceOrientationPortrait UIInterfaceOrientationPortraitUpsideDown";
				INFOPLIST_KEY_WKCompanionAppBundleIdentifier = com.sosping.SOSPing;
				LD_RUNPATH_SEARCH_PATHS = (
					"$(inherited)",
					"@executable_path/Frameworks",
				);
				MARKETING_VERSION = 1.0;
				PRODUCT_BUNDLE_IDENTIFIER = com.sosping.SOSPing.watchkitapp;
				PRODUCT_NAME = "$(TARGET_NAME)";
				SDKROOT = watchos;
				SKIP_INSTALL = YES;
				SUPPORTED_PLATFORMS = "watchsimulator watchos";
				SWIFT_EMIT_LOC_STRINGS = YES;
				SWIFT_VERSION = 5.0;
				TARGETED_DEVICE_FAMILY = 4;
				WATCHOS_DEPLOYMENT_TARGET = 10.2;
			};
			name = Debug;
		};
		C9E7C19A2BF74E7D00F8085F /* Release */ = {
			isa = XCBuildConfiguration;
			buildSettings = {
				ASSETCATALOG_COMPILER_APPICON_NAME = AppIcon;
				ASSETCATALOG_COMPILER_GLOBAL_ACCENT_COLOR_NAME = AccentColor;
				CODE_SIGN_ENTITLEMENTS = "SOSPing Watch App/SOSPing Watch App.entitlements";
				CODE_SIGN_STYLE = Automatic;
				CURRENT_PROJECT_VERSION = 1;
				DEVELOPMENT_ASSET_PATHS = "\"SOSPing Watch App/Preview Content\"";
				DEVELOPMENT_TEAM = FNC65X95VM;
				ENABLE_PREVIEWS = YES;
				GENERATE_INFOPLIST_FILE = YES;
				INFOPLIST_FILE = "SOSPing-Watch-App-Info.plist";
				INFOPLIST_KEY_CFBundleDisplayName = SOSPing;
				INFOPLIST_KEY_UISupportedInterfaceOrientations = "UIInterfaceOrientationPortrait UIInterfaceOrientationPortraitUpsideDown";
				INFOPLIST_KEY_WKCompanionAppBundleIdentifier = com.sosping.SOSPing;
				LD_RUNPATH_SEARCH_PATHS = (
					"$(inherited)",
					"@executable_path/Frameworks",
				);
				MARKETING_VERSION = 1.0;
				PRODUCT_BUNDLE_IDENTIFIER = com.sosping.SOSPing.watchkitapp;
				PRODUCT_NAME = "$(TARGET_NAME)";
				SDKROOT = watchos;
				SKIP_INSTALL = YES;
				SUPPORTED_PLATFORMS = "watchsimulator watchos";
				SWIFT_EMIT_LOC_STRINGS = YES;
				SWIFT_VERSION = 5.0;
				TARGETED_DEVICE_FAMILY = 4;
				VALIDATE_PRODUCT = YES;
				WATCHOS_DEPLOYMENT_TARGET = 10.2;
			};
			name = Release;
		};
		C9E7C19D2BF74E7D00F8085F /* Debug */ = {
			isa = XCBuildConfiguration;
			buildSettings = {
				ALWAYS_EMBED_SWIFT_STANDARD_LIBRARIES = YES;
				ASSETCATALOG_COMPILER_APPICON_NAME = AppIcon;
				ASSETCATALOG_COMPILER_GLOBAL_ACCENT_COLOR_NAME = AccentColor;
				CODE_SIGN_ENTITLEMENTS = SOSPing/SOSPing.entitlements;
				CODE_SIGN_STYLE = Automatic;
				CURRENT_PROJECT_VERSION = 1;
				DEVELOPMENT_ASSET_PATHS = "\"SOSPing/Preview Content\"";
				DEVELOPMENT_TEAM = FNC65X95VM;
				ENABLE_PREVIEWS = YES;
				GENERATE_INFOPLIST_FILE = YES;
				INFOPLIST_FILE = SOSPing/Info.plist;
				INFOPLIST_KEY_CFBundleDisplayName = SOSPing;
				INFOPLIST_KEY_UIApplicationSceneManifest_Generation = YES;
				INFOPLIST_KEY_UIApplicationSupportsIndirectInputEvents = YES;
				INFOPLIST_KEY_UILaunchScreen_Generation = YES;
				INFOPLIST_KEY_UISupportedInterfaceOrientations_iPad = "UIInterfaceOrientationPortrait UIInterfaceOrientationPortraitUpsideDown UIInterfaceOrientationLandscapeLeft UIInterfaceOrientationLandscapeRight";
				INFOPLIST_KEY_UISupportedInterfaceOrientations_iPhone = "UIInterfaceOrientationPortrait UIInterfaceOrientationLandscapeLeft UIInterfaceOrientationLandscapeRight";
				IPHONEOS_DEPLOYMENT_TARGET = 17.2;
				LD_RUNPATH_SEARCH_PATHS = (
					"$(inherited)",
					"@executable_path/Frameworks",
				);
				MARKETING_VERSION = 1.0;
				PRODUCT_BUNDLE_IDENTIFIER = com.sosping.SOSPing;
				PRODUCT_NAME = "$(TARGET_NAME)";
				SDKROOT = iphoneos;
				SWIFT_EMIT_LOC_STRINGS = YES;
				SWIFT_VERSION = 5.0;
				TARGETED_DEVICE_FAMILY = "1,2";
			};
			name = Debug;
		};
		C9E7C19E2BF74E7D00F8085F /* Release */ = {
			isa = XCBuildConfiguration;
			buildSettings = {
				ALWAYS_EMBED_SWIFT_STANDARD_LIBRARIES = YES;
				ASSETCATALOG_COMPILER_APPICON_NAME = AppIcon;
				ASSETCATALOG_COMPILER_GLOBAL_ACCENT_COLOR_NAME = AccentColor;
				CODE_SIGN_ENTITLEMENTS = SOSPing/SOSPing.entitlements;
				CODE_SIGN_STYLE = Automatic;
				CURRENT_PROJECT_VERSION = 1;
				DEVELOPMENT_ASSET_PATHS = "\"SOSPing/Preview Content\"";
				DEVELOPMENT_TEAM = FNC65X95VM;
				ENABLE_PREVIEWS = YES;
				GENERATE_INFOPLIST_FILE = YES;
				INFOPLIST_FILE = SOSPing/Info.plist;
				INFOPLIST_KEY_CFBundleDisplayName = SOSPing;
				INFOPLIST_KEY_UIApplicationSceneManifest_Generation = YES;
				INFOPLIST_KEY_UIApplicationSupportsIndirectInputEvents = YES;
				INFOPLIST_KEY_UILaunchScreen_Generation = YES;
				INFOPLIST_KEY_UISupportedInterfaceOrientations_iPad = "UIInterfaceOrientationPortrait UIInterfaceOrientationPortraitUpsideDown UIInterfaceOrientationLandscapeLeft UIInterfaceOrientationLandscapeRight";
				INFOPLIST_KEY_UISupportedInterfaceOrientations_iPhone = "UIInterfaceOrientationPortrait UIInterfaceOrientationLandscapeLeft UIInterfaceOrientationLandscapeRight";
				IPHONEOS_DEPLOYMENT_TARGET = 17.2;
				LD_RUNPATH_SEARCH_PATHS = (
					"$(inherited)",
					"@executable_path/Frameworks",
				);
				MARKETING_VERSION = 1.0;
				PRODUCT_BUNDLE_IDENTIFIER = com.sosping.SOSPing;
				PRODUCT_NAME = "$(TARGET_NAME)";
				SDKROOT = iphoneos;
				SWIFT_EMIT_LOC_STRINGS = YES;
				SWIFT_VERSION = 5.0;
				TARGETED_DEVICE_FAMILY = "1,2";
				VALIDATE_PRODUCT = YES;
			};
			name = Release;
		};
/* End XCBuildConfiguration section */

/* Begin XCConfigurationList section */
		C9E7C1732BF74E7B00F8085F /* Build configuration list for PBXProject "SOSPing" */ = {
			isa = XCConfigurationList;
			buildConfigurations = (
				C9E7C1962BF74E7D00F8085F /* Debug */,
				C9E7C1972BF74E7D00F8085F /* Release */,
			);
			defaultConfigurationIsVisible = 0;
			defaultConfigurationName = Release;
		};
		C9E7C1982BF74E7D00F8085F /* Build configuration list for PBXNativeTarget "SOSPing Watch App" */ = {
			isa = XCConfigurationList;
			buildConfigurations = (
				C9E7C1992BF74E7D00F8085F /* Debug */,
				C9E7C19A2BF74E7D00F8085F /* Release */,
			);
			defaultConfigurationIsVisible = 0;
			defaultConfigurationName = Release;
		};
		C9E7C19C2BF74E7D00F8085F /* Build configuration list for PBXNativeTarget "SOSPing" */ = {
			isa = XCConfigurationList;
			buildConfigurations = (
				C9E7C19D2BF74E7D00F8085F /* Debug */,
				C9E7C19E2BF74E7D00F8085F /* Release */,
			);
			defaultConfigurationIsVisible = 0;
			defaultConfigurationName = Release;
		};
/* End XCConfigurationList section */

/* Begin XCRemoteSwiftPackageReference section */
		C9357A452BF7B750002F2FAC /* XCRemoteSwiftPackageReference "firebase-ios-sdk" */ = {
			isa = XCRemoteSwiftPackageReference;
			repositoryURL = "https://github.com/firebase/firebase-ios-sdk";
			requirement = {
				kind = upToNextMajorVersion;
				minimumVersion = 10.26.0;
			};
		};
/* End XCRemoteSwiftPackageReference section */

/* Begin XCSwiftPackageProductDependency section */
		C9357A462BF7B750002F2FAC /* FirebaseAnalytics */ = {
			isa = XCSwiftPackageProductDependency;
			package = C9357A452BF7B750002F2FAC /* XCRemoteSwiftPackageReference "firebase-ios-sdk" */;
			productName = FirebaseAnalytics;
		};
		C9357A482BF7B750002F2FAC /* FirebaseMessaging */ = {
			isa = XCSwiftPackageProductDependency;
			package = C9357A452BF7B750002F2FAC /* XCRemoteSwiftPackageReference "firebase-ios-sdk" */;
			productName = FirebaseMessaging;
		};
		C9C0F5F42BF75F71004F24AE /* Presentation */ = {
			isa = XCSwiftPackageProductDependency;
			productName = Presentation;
		};
		C9C0F5F62BF75F77004F24AE /* Presentation */ = {
			isa = XCSwiftPackageProductDependency;
			productName = Presentation;
		};
		C9C984022BF77CF600F3B7AB /* Data */ = {
			isa = XCSwiftPackageProductDependency;
			productName = Data;
		};
		C9C984042BF77CFA00F3B7AB /* Data */ = {
			isa = XCSwiftPackageProductDependency;
			productName = Data;
		};
/* End XCSwiftPackageProductDependency section */
	};
	rootObject = C9E7C1702BF74E7B00F8085F /* Project object */;
}
